
Microsoft Visual Studio Solution File, Format Version 11.00
# Visual Studio 2010
Project("{2150E333-8FDC-42A3-9474-1A3956D46DE8}") = "Aula05", "Aula05", "{7ABAABFB-5EC5-4F99-9C55-7B19B3A48B47}"
EndProject
Project("{FAE04EC0-301F-11D3-BF4B-00C04F79EFBC}") = "Site01", "Site01\Site01.csproj", "{28E7F933-0E9A-4D81-8292-785A95439641}"
EndProject
Project("{FAE04EC0-301F-11D3-BF4B-00C04F79EFBC}") = "DAL", "DAL\DAL.csproj", "{F961188C-1593-47AE-BA5F-98A220528BE1}"
EndProject
Project("{2150E333-8FDC-42A3-9474-1A3956D46DE8}") = "Aula06", "Aula06", "{4BD847A3-4BA1-48E4-AAE8-1231F30033F3}"
EndProject
Project("{FAE04EC0-301F-11D3-BF4B-00C04F79EFBC}") = "Site02", "Site02\Site02.csproj", "{1A5C6205-1EF2-45F3-931B-9853AFA6FDD5}"
EndProject
Project("{FAE04EC0-301F-11D3-BF4B-00C04F79EFBC}") = "DAL06", "DAL06\DAL06.csproj", "{BF3E35F9-C8F0-4A97-9433-6979D5DFBCBE}"
EndProject
Global
	GlobalSection(SolutionConfigurationPlatforms) = preSolution
		Debug|Any CPU = Debug|Any CPU
		Release|Any CPU = Release|Any CPU
	EndGlobalSection
	GlobalSection(ProjectConfigurationPlatforms) = postSolution
		{28E7F933-0E9A-4D81-8292-785A95439641}.Debug|Any CPU.ActiveCfg = Debug|Any CPU
		{28E7F933-0E9A-4D81-8292-785A95439641}.Debug|Any CPU.Build.0 = Debug|Any CPU
		{28E7F933-0E9A-4D81-8292-785A95439641}.Release|Any CPU.ActiveCfg = Release|Any CPU
		{28E7F933-0E9A-4D81-8292-785A95439641}.Release|Any CPU.Build.0 = Release|Any CPU
		{F961188C-1593-47AE-BA5F-98A220528BE1}.Debug|Any CPU.ActiveCfg = Debug|Any CPU
		{F961188C-1593-47AE-BA5F-98A220528BE1}.Debug|Any CPU.Build.0 = Debug|Any CPU
		{F961188C-1593-47AE-BA5F-98A220528BE1}.Release|Any CPU.ActiveCfg = Release|Any CPU
		{F961188C-1593-47AE-BA5F-98A220528BE1}.Release|Any CPU.Build.0 = Release|Any CPU
		{1A5C6205-1EF2-45F3-931B-9853AFA6FDD5}.Debug|Any CPU.ActiveCfg = Debug|Any CPU
		{1A5C6205-1EF2-45F3-931B-9853AFA6FDD5}.Debug|Any CPU.Build.0 = Debug|Any CPU
		{1A5C6205-1EF2-45F3-931B-9853AFA6FDD5}.Release|Any CPU.ActiveCfg = Release|Any CPU
		{1A5C6205-1EF2-45F3-931B-9853AFA6FDD5}.Release|Any CPU.Build.0 = Release|Any CPU
		{BF3E35F9-C8F0-4A97-9433-6979D5DFBCBE}.Debug|Any CPU.ActiveCfg = Debug|Any CPU
		{BF3E35F9-C8F0-4A97-9433-6979D5DFBCBE}.Debug|Any CPU.Build.0 = Debug|Any CPU
		{BF3E35F9-C8F0-4A97-9433-6979D5DFBCBE}.Release|Any CPU.ActiveCfg = Release|Any CPU
		{BF3E35F9-C8F0-4A97-9433-6979D5DFBCBE}.Release|Any CPU.Build.0 = Release|Any CPU
	EndGlobalSection
	GlobalSection(SolutionProperties) = preSolution
		HideSolutionNode = FALSE
	EndGlobalSection
	GlobalSection(NestedProjects) = preSolution
		{28E7F933-0E9A-4D81-8292-785A95439641} = {7ABAABFB-5EC5-4F99-9C55-7B19B3A48B47}
		{F961188C-1593-47AE-BA5F-98A220528BE1} = {7ABAABFB-5EC5-4F99-9C55-7B19B3A48B47}
		{1A5C6205-1EF2-45F3-931B-9853AFA6FDD5} = {4BD847A3-4BA1-48E4-AAE8-1231F30033F3}
		{BF3E35F9-C8F0-4A97-9433-6979D5DFBCBE} = {4BD847A3-4BA1-48E4-AAE8-1231F30033F3}
	EndGlobalSection
EndGlobal
